{
  "version": 4,
  "terraform_version": "1.12.2",
  "serial": 46,
  "lineage": "99343896-03c0-963b-96dd-3bc6aa65798f",
  "outputs": {
    "database_name": {
      "value": "dagri_talk_dev",
      "type": "string"
    },
    "private_subnet_ids": {
      "value": [
        "subnet-0b1fbc577fc835cc5",
        "subnet-095311f535e73cce3"
      ],
      "type": [
        "tuple",
        [
          "string",
          "string"
        ]
      ]
    },
    "vpc_id": {
      "value": "vpc-00c7c47549cd82ae1",
      "type": "string"
    }
  },
  "resources": [
    {
      "module": "module.container_registry",
      "mode": "data",
      "type": "aws_caller_identity",
      "name": "current",
      "provider": "provider[\"registry.terraform.io/hashicorp/aws\"]",
      "instances": [
        {
          "schema_version": 0,
          "attributes": {
            "account_id": "103670753244",
            "arn": "arn:aws:iam::103670753244:user/Wiova231",
            "id": "103670753244",
            "user_id": "AIDARQI2CE7OAY3477KDL"
          },
          "sensitive_attributes": [],
          "identity_schema_version": 0
        }
      ]
    },
    {
      "module": "module.networking",
      "mode": "managed",
      "type": "aws_internet_gateway",
      "name": "main",
      "provider": "provider[\"registry.terraform.io/hashicorp/aws\"]",
      "instances": [
        {
          "status": "tainted",
          "schema_version": 0,
          "attributes": {
            "arn": null,
            "id": "igw-0b81066a22a199244",
            "owner_id": null,
            "tags": {
              "CostCenter": "Engineering",
              "Environment": "dev",
              "ManagedBy": "Terraform",
              "Name": "dagri-talk-dev-igw",
              "Owner": "Development Team",
              "Project": "D'Agri Talk",
              "Type": "networking"
            },
            "tags_all": {
              "CostCenter": "Engineering",
              "Environment": "dev",
              "ManagedBy": "Terraform",
              "Name": "dagri-talk-dev-igw",
              "Owner": "Development Team",
              "Project": "D'Agri Talk",
              "Type": "networking"
            },
            "timeouts": null,
            "vpc_id": "vpc-00c7c47549cd82ae1"
          },
          "sensitive_attributes": [],
          "identity_schema_version": 0,
          "private": "eyJlMmJmYjczMC1lY2FhLTExZTYtOGY4OC0zNDM2M2JjN2M0YzAiOnsiY3JlYXRlIjoxMjAwMDAwMDAwMDAwLCJkZWxldGUiOjEyMDAwMDAwMDAwMDAsInVwZGF0ZSI6MTIwMDAwMDAwMDAwMH19",
          "dependencies": [
            "module.networking.aws_vpc.main"
          ],
          "create_before_destroy": true
        },
        {
          "status": "tainted",
          "deposed": "3eb97d8e",
          "schema_version": 0,
          "attributes": {
            "arn": "arn:aws:ec2:us-east-1:103670753244:internet-gateway/igw-0e0dff624775aad95",
            "id": "igw-0e0dff624775aad95",
            "owner_id": "103670753244",
            "tags": {
              "CostCenter": "Engineering",
              "Environment": "dev",
              "ManagedBy": "Terraform",
              "Name": "dagri-talk-dev-igw",
              "Owner": "Development Team",
              "Project": "D'Agri Talk",
              "Type": "networking"
            },
            "tags_all": {
              "CostCenter": "Engineering",
              "Environment": "dev",
              "ManagedBy": "Terraform",
              "Name": "dagri-talk-dev-igw",
              "Owner": "Development Team",
              "Project": "D'Agri Talk",
              "Type": "networking"
            },
            "timeouts": null,
            "vpc_id": ""
          },
          "sensitive_attributes": [],
          "identity_schema_version": 0,
          "private": "eyJlMmJmYjczMC1lY2FhLTExZTYtOGY4OC0zNDM2M2JjN2M0YzAiOnsiY3JlYXRlIjoxMjAwMDAwMDAwMDAwLCJkZWxldGUiOjEyMDAwMDAwMDAwMDAsInVwZGF0ZSI6MTIwMDAwMDAwMDAwMH19",
          "dependencies": [
            "module.networking.aws_vpc.main"
          ],
          "create_before_destroy": true
        },
        {
          "status": "tainted",
          "deposed": "5966a9f4",
          "schema_version": 0,
          "attributes": {
            "arn": "arn:aws:ec2:us-east-1:103670753244:internet-gateway/igw-09c3016f5296b2cc2",
            "id": "igw-09c3016f5296b2cc2",
            "owner_id": "103670753244",
            "tags": {
              "CostCenter": "Engineering",
              "Environment": "dev",
              "ManagedBy": "Terraform",
              "Name": "dagri-talk-dev-igw",
              "Owner": "Development Team",
              "Project": "D'Agri Talk",
              "Type": "networking"
            },
            "tags_all": {
              "CostCenter": "Engineering",
              "Environment": "dev",
              "ManagedBy": "Terraform",
              "Name": "dagri-talk-dev-igw",
              "Owner": "Development Team",
              "Project": "D'Agri Talk",
              "Type": "networking"
            },
            "timeouts": null,
            "vpc_id": ""
          },
          "sensitive_attributes": [],
          "identity_schema_version": 0,
          "private": "eyJlMmJmYjczMC1lY2FhLTExZTYtOGY4OC0zNDM2M2JjN2M0YzAiOnsiY3JlYXRlIjoxMjAwMDAwMDAwMDAwLCJkZWxldGUiOjEyMDAwMDAwMDAwMDAsInVwZGF0ZSI6MTIwMDAwMDAwMDAwMH19",
          "dependencies": [
            "module.networking.aws_vpc.main"
          ],
          "create_before_destroy": true
        },
        {
          "status": "tainted",
          "deposed": "5a94005f",
          "schema_version": 0,
          "attributes": {
            "arn": "arn:aws:ec2:us-east-1:103670753244:internet-gateway/igw-0f08252454c3aeefe",
            "id": "igw-0f08252454c3aeefe",
            "owner_id": "103670753244",
            "tags": {
              "CostCenter": "Engineering",
              "Environment": "dev",
              "ManagedBy": "Terraform",
              "Name": "dagri-talk-dev-igw",
              "Owner": "Development Team",
              "Project": "D'Agri Talk",
              "Type": "networking"
            },
            "tags_all": {
              "CostCenter": "Engineering",
              "Environment": "dev",
              "ManagedBy": "Terraform",
              "Name": "dagri-talk-dev-igw",
              "Owner": "Development Team",
              "Project": "D'Agri Talk",
              "Type": "networking"
            },
            "timeouts": null,
            "vpc_id": "vpc-00c7c47549cd82ae1"
          },
          "sensitive_attributes": [],
          "identity_schema_version": 0,
          "private": "eyJlMmJmYjczMC1lY2FhLTExZTYtOGY4OC0zNDM2M2JjN2M0YzAiOnsiY3JlYXRlIjoxMjAwMDAwMDAwMDAwLCJkZWxldGUiOjEyMDAwMDAwMDAwMDAsInVwZGF0ZSI6MTIwMDAwMDAwMDAwMH19",
          "dependencies": [
            "module.networking.aws_vpc.main"
          ],
          "create_before_destroy": true
        }
      ]
    },
    {
      "module": "module.networking",
      "mode": "managed",
      "type": "aws_security_group",
      "name": "alb",
      "provider": "provider[\"registry.terraform.io/hashicorp/aws\"]",
      "instances": [
        {
          "status": "tainted",
          "schema_version": 1,
          "attributes": {
            "arn": null,
            "description": "Security group for Application Load Balancer",
            "egress": [
              {
                "cidr_blocks": [
                  "0.0.0.0/0"
                ],
                "description": "All outbound traffic",
                "from_port": 0,
                "ipv6_cidr_blocks": [],
                "prefix_list_ids": [],
                "protocol": "-1",
                "security_groups": [],
                "self": false,
                "to_port": 0
              }
            ],
            "id": "sg-0df0032754f73fc8b",
            "ingress": [
              {
                "cidr_blocks": [
                  "0.0.0.0/0"
                ],
                "description": "HTTP",
                "from_port": 80,
                "ipv6_cidr_blocks": [],
                "prefix_list_ids": [],
                "protocol": "tcp",
                "security_groups": [],
                "self": false,
                "to_port": 80
              },
              {
                "cidr_blocks": [
                  "0.0.0.0/0"
                ],
                "description": "HTTPS",
                "from_port": 443,
                "ipv6_cidr_blocks": [],
                "prefix_list_ids": [],
                "protocol": "tcp",
                "security_groups": [],
                "self": false,
                "to_port": 443
              }
            ],
            "name": null,
            "name_prefix": "dagri-talk-dev-alb-",
            "owner_id": null,
            "revoke_rules_on_delete": false,
            "tags": {
              "CostCenter": "Engineering",
              "Environment": "dev",
              "ManagedBy": "Terraform",
              "Name": "dagri-talk-dev-alb-sg",
              "Owner": "Development Team",
              "Project": "D'Agri Talk",
              "Type": "security-group"
            },
            "tags_all": {
              "CostCenter": "Engineering",
              "Environment": "dev",
              "ManagedBy": "Terraform",
              "Name": "dagri-talk-dev-alb-sg",
              "Owner": "Development Team",
              "Project": "D'Agri Talk",
              "Type": "security-group"
            },
            "timeouts": null,
            "vpc_id": "vpc-00c7c47549cd82ae1"
          },
          "sensitive_attributes": [],
          "identity_schema_version": 0,
          "private": "eyJlMmJmYjczMC1lY2FhLTExZTYtOGY4OC0zNDM2M2JjN2M0YzAiOnsiY3JlYXRlIjo2MDAwMDAwMDAwMDAsImRlbGV0ZSI6OTAwMDAwMDAwMDAwfSwic2NoZW1hX3ZlcnNpb24iOiIxIn0=",
          "dependencies": [
            "module.networking.aws_vpc.main"
          ],
          "create_before_destroy": true
        },
        {
          "status": "tainted",
          "deposed": "040671e2",
          "schema_version": 1,
          "attributes": {
            "arn": "arn:aws:ec2:us-east-1:103670753244:security-group/sg-0d26ab27103244423",
            "description": "Security group for Application Load Balancer",
            "egress": [],
            "id": "sg-0d26ab27103244423",
            "ingress": [
              {
                "cidr_blocks": [
                  "0.0.0.0/0"
                ],
                "description": "HTTP",
                "from_port": 80,
                "ipv6_cidr_blocks": [],
                "prefix_list_ids": [],
                "protocol": "tcp",
                "security_groups": [],
                "self": false,
                "to_port": 80
              },
              {
                "cidr_blocks": [
                  "0.0.0.0/0"
                ],
                "description": "HTTPS",
                "from_port": 443,
                "ipv6_cidr_blocks": [],
                "prefix_list_ids": [],
                "protocol": "tcp",
                "security_groups": [],
                "self": false,
                "to_port": 443
              }
            ],
            "name": "dagri-talk-dev-alb-20250716224013880000000001",
            "name_prefix": "dagri-talk-dev-alb-",
            "owner_id": "103670753244",
            "revoke_rules_on_delete": false,
            "tags": {
              "CostCenter": "Engineering",
              "Environment": "dev",
              "ManagedBy": "Terraform",
              "Name": "dagri-talk-dev-alb-sg",
              "Owner": "Development Team",
              "Project": "D'Agri Talk",
              "Type": "security-group"
            },
            "tags_all": {
              "CostCenter": "Engineering",
              "Environment": "dev",
              "ManagedBy": "Terraform",
              "Name": "dagri-talk-dev-alb-sg",
              "Owner": "Development Team",
              "Project": "D'Agri Talk",
              "Type": "security-group"
            },
            "timeouts": null,
            "vpc_id": "vpc-00c7c47549cd82ae1"
          },
          "sensitive_attributes": [],
          "identity_schema_version": 0,
          "private": "eyJlMmJmYjczMC1lY2FhLTExZTYtOGY4OC0zNDM2M2JjN2M0YzAiOnsiY3JlYXRlIjo2MDAwMDAwMDAwMDAsImRlbGV0ZSI6OTAwMDAwMDAwMDAwfSwic2NoZW1hX3ZlcnNpb24iOiIxIn0=",
          "dependencies": [
            "module.networking.aws_vpc.main"
          ],
          "create_before_destroy": true
        },
        {
          "status": "tainted",
          "deposed": "2ed5a700",
          "schema_version": 1,
          "attributes": {
            "arn": "arn:aws:ec2:us-east-1:103670753244:security-group/sg-06e420f890d3f33f8",
            "description": "Security group for Application Load Balancer",
            "egress": [
              {
                "cidr_blocks": [
                  "0.0.0.0/0"
                ],
                "description": "All outbound traffic",
                "from_port": 0,
                "ipv6_cidr_blocks": [],
                "prefix_list_ids": [],
                "protocol": "-1",
                "security_groups": [],
                "self": false,
                "to_port": 0
              }
            ],
            "id": "sg-06e420f890d3f33f8",
            "ingress": [],
            "name": "dagri-talk-dev-alb-20250716223310347600000001",
            "name_prefix": "dagri-talk-dev-alb-",
            "owner_id": "103670753244",
            "revoke_rules_on_delete": false,
            "tags": {
              "CostCenter": "Engineering",
              "Environment": "dev",
              "ManagedBy": "Terraform",
              "Name": "dagri-talk-dev-alb-sg",
              "Owner": "Development Team",
              "Project": "D'Agri Talk",
              "Type": "security-group"
            },
            "tags_all": {
              "CostCenter": "Engineering",
              "Environment": "dev",
              "ManagedBy": "Terraform",
              "Name": "dagri-talk-dev-alb-sg",
              "Owner": "Development Team",
              "Project": "D'Agri Talk",
              "Type": "security-group"
            },
            "timeouts": null,
            "vpc_id": "vpc-00c7c47549cd82ae1"
          },
          "sensitive_attributes": [],
          "identity_schema_version": 0,
          "private": "eyJlMmJmYjczMC1lY2FhLTExZTYtOGY4OC0zNDM2M2JjN2M0YzAiOnsiY3JlYXRlIjo2MDAwMDAwMDAwMDAsImRlbGV0ZSI6OTAwMDAwMDAwMDAwfSwic2NoZW1hX3ZlcnNpb24iOiIxIn0=",
          "dependencies": [
            "module.networking.aws_vpc.main"
          ],
          "create_before_destroy": true
        },
        {
          "status": "tainted",
          "deposed": "b91414bb",
          "schema_version": 1,
          "attributes": {
            "arn": "arn:aws:ec2:us-east-1:103670753244:security-group/sg-066fff10250ccd155",
            "description": "Security group for Application Load Balancer",
            "egress": [
              {
                "cidr_blocks": [
                  "0.0.0.0/0"
                ],
                "description": "All outbound traffic",
                "from_port": 0,
                "ipv6_cidr_blocks": [],
                "prefix_list_ids": [],
                "protocol": "-1",
                "security_groups": [],
                "self": false,
                "to_port": 0
              }
            ],
            "id": "sg-066fff10250ccd155",
            "ingress": [],
            "name": "dagri-talk-dev-alb-20250716222238622100000001",
            "name_prefix": "dagri-talk-dev-alb-",
            "owner_id": "103670753244",
            "revoke_rules_on_delete": false,
            "tags": {
              "CostCenter": "Engineering",
              "Environment": "dev",
              "ManagedBy": "Terraform",
              "Name": "dagri-talk-dev-alb-sg",
              "Owner": "Development Team",
              "Project": "D'Agri Talk",
              "Type": "security-group"
            },
            "tags_all": {
              "CostCenter": "Engineering",
              "Environment": "dev",
              "ManagedBy": "Terraform",
              "Name": "dagri-talk-dev-alb-sg",
              "Owner": "Development Team",
              "Project": "D'Agri Talk",
              "Type": "security-group"
            },
            "timeouts": null,
            "vpc_id": "vpc-00c7c47549cd82ae1"
          },
          "sensitive_attributes": [],
          "identity_schema_version": 0,
          "private": "eyJlMmJmYjczMC1lY2FhLTExZTYtOGY4OC0zNDM2M2JjN2M0YzAiOnsiY3JlYXRlIjo2MDAwMDAwMDAwMDAsImRlbGV0ZSI6OTAwMDAwMDAwMDAwfSwic2NoZW1hX3ZlcnNpb24iOiIxIn0=",
          "dependencies": [
            "module.networking.aws_vpc.main"
          ],
          "create_before_destroy": true
        }
      ]
    },
    {
      "module": "module.networking",
      "mode": "managed",
      "type": "aws_subnet",
      "name": "private",
      "provider": "provider[\"registry.terraform.io/hashicorp/aws\"]",
      "instances": [
        {
          "index_key": 0,
          "schema_version": 1,
          "attributes": {
            "arn": "arn:aws:ec2:us-east-1:103670753244:subnet/subnet-0b1fbc577fc835cc5",
            "assign_ipv6_address_on_creation": false,
            "availability_zone": "us-east-1a",
            "availability_zone_id": "use1-az6",
            "cidr_block": "10.0.10.0/24",
            "customer_owned_ipv4_pool": "",
            "enable_dns64": false,
            "enable_lni_at_device_index": 0,
            "enable_resource_name_dns_a_record_on_launch": false,
            "enable_resource_name_dns_aaaa_record_on_launch": false,
            "id": "subnet-0b1fbc577fc835cc5",
            "ipv6_cidr_block": "",
            "ipv6_cidr_block_association_id": "",
            "ipv6_native": false,
            "map_customer_owned_ip_on_launch": false,
            "map_public_ip_on_launch": false,
            "outpost_arn": "",
            "owner_id": "103670753244",
            "private_dns_hostname_type_on_launch": "ip-name",
            "tags": {
              "AZ": "us-east-1a",
              "CostCenter": "Engineering",
              "Environment": "dev",
              "ManagedBy": "Terraform",
              "Name": "dagri-talk-dev-private-subnet-1",
              "Owner": "Development Team",
              "Project": "D'Agri Talk",
              "Type": "private-subnet"
            },
            "tags_all": {
              "AZ": "us-east-1a",
              "CostCenter": "Engineering",
              "Environment": "dev",
              "ManagedBy": "Terraform",
              "Name": "dagri-talk-dev-private-subnet-1",
              "Owner": "Development Team",
              "Project": "D'Agri Talk",
              "Type": "private-subnet"
            },
            "timeouts": null,
            "vpc_id": "vpc-00c7c47549cd82ae1"
          },
          "sensitive_attributes": [],
          "identity_schema_version": 0,
          "private": "eyJlMmJmYjczMC1lY2FhLTExZTYtOGY4OC0zNDM2M2JjN2M0YzAiOnsiY3JlYXRlIjo2MDAwMDAwMDAwMDAsImRlbGV0ZSI6MTIwMDAwMDAwMDAwMH0sInNjaGVtYV92ZXJzaW9uIjoiMSJ9",
          "dependencies": [
            "module.networking.aws_vpc.main"
          ],
          "create_before_destroy": true
        },
        {
          "index_key": 1,
          "schema_version": 1,
          "attributes": {
            "arn": "arn:aws:ec2:us-east-1:103670753244:subnet/subnet-095311f535e73cce3",
            "assign_ipv6_address_on_creation": false,
            "availability_zone": "us-east-1b",
            "availability_zone_id": "use1-az1",
            "cidr_block": "10.0.20.0/24",
            "customer_owned_ipv4_pool": "",
            "enable_dns64": false,
            "enable_lni_at_device_index": 0,
            "enable_resource_name_dns_a_record_on_launch": false,
            "enable_resource_name_dns_aaaa_record_on_launch": false,
            "id": "subnet-095311f535e73cce3",
            "ipv6_cidr_block": "",
            "ipv6_cidr_block_association_id": "",
            "ipv6_native": false,
            "map_customer_owned_ip_on_launch": false,
            "map_public_ip_on_launch": false,
            "outpost_arn": "",
            "owner_id": "103670753244",
            "private_dns_hostname_type_on_launch": "ip-name",
            "tags": {
              "AZ": "us-east-1b",
              "CostCenter": "Engineering",
              "Environment": "dev",
              "ManagedBy": "Terraform",
              "Name": "dagri-talk-dev-private-subnet-2",
              "Owner": "Development Team",
              "Project": "D'Agri Talk",
              "Type": "private-subnet"
            },
            "tags_all": {
              "AZ": "us-east-1b",
              "CostCenter": "Engineering",
              "Environment": "dev",
              "ManagedBy": "Terraform",
              "Name": "dagri-talk-dev-private-subnet-2",
              "Owner": "Development Team",
              "Project": "D'Agri Talk",
              "Type": "private-subnet"
            },
            "timeouts": null,
            "vpc_id": "vpc-00c7c47549cd82ae1"
          },
          "sensitive_attributes": [],
          "identity_schema_version": 0,
          "private": "eyJlMmJmYjczMC1lY2FhLTExZTYtOGY4OC0zNDM2M2JjN2M0YzAiOnsiY3JlYXRlIjo2MDAwMDAwMDAwMDAsImRlbGV0ZSI6MTIwMDAwMDAwMDAwMH0sInNjaGVtYV92ZXJzaW9uIjoiMSJ9",
          "dependencies": [
            "module.networking.aws_vpc.main"
          ],
          "create_before_destroy": true
        }
      ]
    },
    {
      "module": "module.networking",
      "mode": "managed",
      "type": "aws_subnet",
      "name": "public",
      "provider": "provider[\"registry.terraform.io/hashicorp/aws\"]",
      "instances": [
        {
          "index_key": 0,
          "status": "tainted",
          "schema_version": 1,
          "attributes": {
            "arn": "arn:aws:ec2:us-east-1:103670753244:subnet/subnet-0d51ef8d99cff4b7b",
            "assign_ipv6_address_on_creation": false,
            "availability_zone": "us-east-1a",
            "availability_zone_id": "use1-az6",
            "cidr_block": "10.0.1.0/24",
            "customer_owned_ipv4_pool": "",
            "enable_dns64": false,
            "enable_lni_at_device_index": 0,
            "enable_resource_name_dns_a_record_on_launch": false,
            "enable_resource_name_dns_aaaa_record_on_launch": false,
            "id": "subnet-0d51ef8d99cff4b7b",
            "ipv6_cidr_block": "",
            "ipv6_cidr_block_association_id": "",
            "ipv6_native": false,
            "map_customer_owned_ip_on_launch": false,
            "map_public_ip_on_launch": false,
            "outpost_arn": "",
            "owner_id": "103670753244",
            "private_dns_hostname_type_on_launch": "ip-name",
            "tags": {
              "AZ": "us-east-1a",
              "CostCenter": "Engineering",
              "Environment": "dev",
              "ManagedBy": "Terraform",
              "Name": "dagri-talk-dev-public-subnet-1",
              "Owner": "Development Team",
              "Project": "D'Agri Talk",
              "Type": "public-subnet"
            },
            "tags_all": {
              "AZ": "us-east-1a",
              "CostCenter": "Engineering",
              "Environment": "dev",
              "ManagedBy": "Terraform",
              "Name": "dagri-talk-dev-public-subnet-1",
              "Owner": "Development Team",
              "Project": "D'Agri Talk",
              "Type": "public-subnet"
            },
            "timeouts": null,
            "vpc_id": "vpc-00c7c47549cd82ae1"
          },
          "sensitive_attributes": [],
          "identity_schema_version": 0,
          "private": "eyJlMmJmYjczMC1lY2FhLTExZTYtOGY4OC0zNDM2M2JjN2M0YzAiOnsiY3JlYXRlIjo2MDAwMDAwMDAwMDAsImRlbGV0ZSI6MTIwMDAwMDAwMDAwMH0sInNjaGVtYV92ZXJzaW9uIjoiMSJ9",
          "dependencies": [
            "module.networking.aws_vpc.main"
          ],
          "create_before_destroy": true
        },
        {
          "index_key": 1,
          "status": "tainted",
          "schema_version": 1,
          "attributes": {
            "arn": "arn:aws:ec2:us-east-1:103670753244:subnet/subnet-09a46a8f1c44106ca",
            "assign_ipv6_address_on_creation": false,
            "availability_zone": "us-east-1b",
            "availability_zone_id": "use1-az1",
            "cidr_block": "10.0.2.0/24",
            "customer_owned_ipv4_pool": "",
            "enable_dns64": false,
            "enable_lni_at_device_index": 0,
            "enable_resource_name_dns_a_record_on_launch": false,
            "enable_resource_name_dns_aaaa_record_on_launch": false,
            "id": "subnet-09a46a8f1c44106ca",
            "ipv6_cidr_block": "",
            "ipv6_cidr_block_association_id": "",
            "ipv6_native": false,
            "map_customer_owned_ip_on_launch": false,
            "map_public_ip_on_launch": false,
            "outpost_arn": "",
            "owner_id": "103670753244",
            "private_dns_hostname_type_on_launch": "ip-name",
            "tags": {
              "AZ": "us-east-1b",
              "CostCenter": "Engineering",
              "Environment": "dev",
              "ManagedBy": "Terraform",
              "Name": "dagri-talk-dev-public-subnet-2",
              "Owner": "Development Team",
              "Project": "D'Agri Talk",
              "Type": "public-subnet"
            },
            "tags_all": {
              "AZ": "us-east-1b",
              "CostCenter": "Engineering",
              "Environment": "dev",
              "ManagedBy": "Terraform",
              "Name": "dagri-talk-dev-public-subnet-2",
              "Owner": "Development Team",
              "Project": "D'Agri Talk",
              "Type": "public-subnet"
            },
            "timeouts": null,
            "vpc_id": "vpc-00c7c47549cd82ae1"
          },
          "sensitive_attributes": [],
          "identity_schema_version": 0,
          "private": "eyJlMmJmYjczMC1lY2FhLTExZTYtOGY4OC0zNDM2M2JjN2M0YzAiOnsiY3JlYXRlIjo2MDAwMDAwMDAwMDAsImRlbGV0ZSI6MTIwMDAwMDAwMDAwMH0sInNjaGVtYV92ZXJzaW9uIjoiMSJ9",
          "dependencies": [
            "module.networking.aws_vpc.main"
          ],
          "create_before_destroy": true
        }
      ]
    },
    {
      "module": "module.networking",
      "mode": "managed",
      "type": "aws_vpc",
      "name": "main",
      "provider": "provider[\"registry.terraform.io/hashicorp/aws\"]",
      "instances": [
        {
          "schema_version": 1,
          "attributes": {
            "arn": "arn:aws:ec2:us-east-1:103670753244:vpc/vpc-00c7c47549cd82ae1",
            "assign_generated_ipv6_cidr_block": false,
            "cidr_block": "10.0.0.0/16",
            "default_network_acl_id": null,
            "default_route_table_id": "",
            "default_security_group_id": "sg-00c5570a5dae02396",
            "dhcp_options_id": "dopt-0d460cf6ac0013561",
            "enable_dns_hostnames": true,
            "enable_dns_support": true,
            "enable_network_address_usage_metrics": false,
            "id": "vpc-00c7c47549cd82ae1",
            "instance_tenancy": "default",
            "ipv4_ipam_pool_id": null,
            "ipv4_netmask_length": null,
            "ipv6_association_id": "",
            "ipv6_cidr_block": "",
            "ipv6_cidr_block_network_border_group": "",
            "ipv6_ipam_pool_id": "",
            "ipv6_netmask_length": 0,
            "main_route_table_id": "",
            "owner_id": "103670753244",
            "tags": {
              "CostCenter": "Engineering",
              "Environment": "dev",
              "ManagedBy": "Terraform",
              "Name": "dagri-talk-dev-vpc",
              "Owner": "Development Team",
              "Project": "D'Agri Talk",
              "Type": "networking"
            },
            "tags_all": {
              "CostCenter": "Engineering",
              "Environment": "dev",
              "ManagedBy": "Terraform",
              "Name": "dagri-talk-dev-vpc",
              "Owner": "Development Team",
              "Project": "D'Agri Talk",
              "Type": "networking"
            }
          },
          "sensitive_attributes": [],
          "identity_schema_version": 0,
          "private": "eyJzY2hlbWFfdmVyc2lvbiI6IjEifQ==",
          "create_before_destroy": true
        },
        {
          "status": "tainted",
          "deposed": "e4f83945",
          "schema_version": 1,
          "attributes": {
            "arn": "arn:aws:ec2:us-east-1:103670753244:vpc/vpc-04d777a4c542fac46",
            "assign_generated_ipv6_cidr_block": false,
            "cidr_block": "10.0.0.0/16",
            "default_network_acl_id": null,
            "default_route_table_id": "",
            "default_security_group_id": "sg-0bec7affb2858aa6b",
            "dhcp_options_id": "dopt-0d460cf6ac0013561",
            "enable_dns_hostnames": false,
            "enable_dns_support": true,
            "enable_network_address_usage_metrics": false,
            "id": "vpc-04d777a4c542fac46",
            "instance_tenancy": "default",
            "ipv4_ipam_pool_id": null,
            "ipv4_netmask_length": null,
            "ipv6_association_id": "",
            "ipv6_cidr_block": "",
            "ipv6_cidr_block_network_border_group": "",
            "ipv6_ipam_pool_id": "",
            "ipv6_netmask_length": 0,
            "main_route_table_id": "",
            "owner_id": "103670753244",
            "tags": {
              "CostCenter": "Engineering",
              "Environment": "dev",
              "ManagedBy": "Terraform",
              "Name": "dagri-talk-dev-vpc",
              "Owner": "Development Team",
              "Project": "D'Agri Talk",
              "Type": "networking"
            },
            "tags_all": {
              "CostCenter": "Engineering",
              "Environment": "dev",
              "ManagedBy": "Terraform",
              "Name": "dagri-talk-dev-vpc",
              "Owner": "Development Team",
              "Project": "D'Agri Talk",
              "Type": "networking"
            }
          },
          "sensitive_attributes": [],
          "identity_schema_version": 0,
          "private": "eyJzY2hlbWFfdmVyc2lvbiI6IjEifQ==",
          "create_before_destroy": true
        }
      ]
    }
  ],
  "check_results": null
}
