{
  "version": 4,
  "terraform_version": "1.12.2",
  "serial": 162,
  "lineage": "99343896-03c0-963b-96dd-3bc6aa65798f",
  "outputs": {
    "alb_security_group_id": {
      "value": "sg-0497609a0f427f6dc",
      "type": "string"
    },
    "backend_ecr_repository_url": {
      "value": "103670753244.dkr.ecr.us-east-1.amazonaws.com/dagri-talk-dev-backend",
      "type": "string"
    },
    "database_credentials_secret_arn": {
      "value": "arn:aws:secretsmanager:us-east-1:103670753244:secret:dagri-talk-dev-db-credentials-0sClVN",
      "type": "string"
    },
    "ecs_security_group_id": {
      "value": "sg-070a1e51840d3db49",
      "type": "string"
    },
    "frontend_ecr_repository_url": {
      "value": "103670753244.dkr.ecr.us-east-1.amazonaws.com/dagri-talk-dev-frontend",
      "type": "string"
    },
    "private_subnet_ids": {
      "value": [
        "subnet-0a8192a723e8a60eb",
        "subnet-0e4e7b654bdd0f01d"
      ],
      "type": [
        "tuple",
        [
          "string",
          "string"
        ]
      ]
    },
    "public_subnet_ids": {
      "value": [
        "subnet-0fa23d712262da614",
        "subnet-0a82ad46c64d7ea64"
      ],
      "type": [
        "tuple",
        [
          "string",
          "string"
        ]
      ]
    },
    "vpc_id": {
      "value": "vpc-0da87d380b974aff0",
      "type": "string"
    }
  },
  "resources": [
    {
      "module": "module.container_registry",
      "mode": "data",
      "type": "aws_caller_identity",
      "name": "current",
      "provider": "provider[\"registry.terraform.io/hashicorp/aws\"]",
      "instances": [
        {
          "schema_version": 0,
          "attributes": {
            "account_id": "103670753244",
            "arn": "arn:aws:iam::103670753244:user/Wiova231",
            "id": "103670753244",
            "user_id": "AIDARQI2CE7OAY3477KDL"
          },
          "sensitive_attributes": [],
          "identity_schema_version": 0
        }
      ]
    },
    {
      "module": "module.container_registry",
      "mode": "managed",
      "type": "aws_ecr_lifecycle_policy",
      "name": "backend",
      "provider": "provider[\"registry.terraform.io/hashicorp/aws\"]",
      "instances": [
        {
          "schema_version": 0,
          "attributes": {
            "id": "dagri-talk-dev-backend",
            "policy": "{\"rules\":[{\"action\":{\"type\":\"expire\"},\"description\":\"Keep last 10 production images\",\"rulePriority\":1,\"selection\":{\"countNumber\":10,\"countType\":\"imageCountMoreThan\",\"tagPrefixList\":[\"prod\"],\"tagStatus\":\"tagged\"}},{\"action\":{\"type\":\"expire\"},\"description\":\"Keep last 5 development images\",\"rulePriority\":2,\"selection\":{\"countNumber\":5,\"countType\":\"imageCountMoreThan\",\"tagPrefixList\":[\"dev\",\"staging\"],\"tagStatus\":\"tagged\"}},{\"action\":{\"type\":\"expire\"},\"description\":\"Delete untagged images older than 1 day\",\"rulePriority\":3,\"selection\":{\"countNumber\":1,\"countType\":\"sinceImagePushed\",\"countUnit\":\"days\",\"tagStatus\":\"untagged\"}}]}",
            "registry_id": "103670753244",
            "repository": "dagri-talk-dev-backend"
          },
          "sensitive_attributes": [],
          "identity_schema_version": 0,
          "private": "bnVsbA==",
          "dependencies": [
            "module.container_registry.aws_ecr_repository.backend"
          ]
        }
      ]
    },
    {
      "module": "module.container_registry",
      "mode": "managed",
      "type": "aws_ecr_lifecycle_policy",
      "name": "frontend",
      "provider": "provider[\"registry.terraform.io/hashicorp/aws\"]",
      "instances": [
        {
          "schema_version": 0,
          "attributes": {
            "id": "dagri-talk-dev-frontend",
            "policy": "{\"rules\":[{\"action\":{\"type\":\"expire\"},\"description\":\"Keep last 10 production images\",\"rulePriority\":1,\"selection\":{\"countNumber\":10,\"countType\":\"imageCountMoreThan\",\"tagPrefixList\":[\"prod\"],\"tagStatus\":\"tagged\"}},{\"action\":{\"type\":\"expire\"},\"description\":\"Keep last 5 development images\",\"rulePriority\":2,\"selection\":{\"countNumber\":5,\"countType\":\"imageCountMoreThan\",\"tagPrefixList\":[\"dev\",\"staging\"],\"tagStatus\":\"tagged\"}},{\"action\":{\"type\":\"expire\"},\"description\":\"Delete untagged images older than 1 day\",\"rulePriority\":3,\"selection\":{\"countNumber\":1,\"countType\":\"sinceImagePushed\",\"countUnit\":\"days\",\"tagStatus\":\"untagged\"}}]}",
            "registry_id": "103670753244",
            "repository": "dagri-talk-dev-frontend"
          },
          "sensitive_attributes": [],
          "identity_schema_version": 0,
          "private": "bnVsbA==",
          "dependencies": [
            "module.container_registry.aws_ecr_repository.frontend"
          ]
        }
      ]
    },
    {
      "module": "module.container_registry",
      "mode": "managed",
      "type": "aws_ecr_repository",
      "name": "backend",
      "provider": "provider[\"registry.terraform.io/hashicorp/aws\"]",
      "instances": [
        {
          "schema_version": 0,
          "attributes": {
            "arn": "arn:aws:ecr:us-east-1:103670753244:repository/dagri-talk-dev-backend",
            "encryption_configuration": [
              {
                "encryption_type": "AES256",
                "kms_key": ""
              }
            ],
            "force_delete": true,
            "id": "dagri-talk-dev-backend",
            "image_scanning_configuration": [
              {
                "scan_on_push": true
              }
            ],
            "image_tag_mutability": "MUTABLE",
            "name": "dagri-talk-dev-backend",
            "registry_id": "103670753244",
            "repository_url": "103670753244.dkr.ecr.us-east-1.amazonaws.com/dagri-talk-dev-backend",
            "tags": {
              "Application": "backend",
              "CostCenter": "Engineering",
              "Environment": "dev",
              "ManagedBy": "Terraform",
              "Name": "dagri-talk-dev-backend-ecr",
              "Owner": "Development Team",
              "Type": "container-registry"
            },
            "tags_all": {
              "Application": "backend",
              "CostCenter": "Engineering",
              "Environment": "dev",
              "ManagedBy": "Terraform",
              "Name": "dagri-talk-dev-backend-ecr",
              "Owner": "Development Team",
              "Type": "container-registry"
            },
            "timeouts": null
          },
          "sensitive_attributes": [],
          "identity_schema_version": 0,
          "private": "eyJlMmJmYjczMC1lY2FhLTExZTYtOGY4OC0zNDM2M2JjN2M0YzAiOnsiZGVsZXRlIjoxMjAwMDAwMDAwMDAwfX0="
        }
      ]
    },
    {
      "module": "module.container_registry",
      "mode": "managed",
      "type": "aws_ecr_repository",
      "name": "frontend",
      "provider": "provider[\"registry.terraform.io/hashicorp/aws\"]",
      "instances": [
        {
          "schema_version": 0,
          "attributes": {
            "arn": "arn:aws:ecr:us-east-1:103670753244:repository/dagri-talk-dev-frontend",
            "encryption_configuration": [
              {
                "encryption_type": "AES256",
                "kms_key": ""
              }
            ],
            "force_delete": true,
            "id": "dagri-talk-dev-frontend",
            "image_scanning_configuration": [
              {
                "scan_on_push": true
              }
            ],
            "image_tag_mutability": "MUTABLE",
            "name": "dagri-talk-dev-frontend",
            "registry_id": "103670753244",
            "repository_url": "103670753244.dkr.ecr.us-east-1.amazonaws.com/dagri-talk-dev-frontend",
            "tags": {
              "Application": "frontend",
              "CostCenter": "Engineering",
              "Environment": "dev",
              "ManagedBy": "Terraform",
              "Name": "dagri-talk-dev-frontend-ecr",
              "Owner": "Development Team",
              "Type": "container-registry"
            },
            "tags_all": {
              "Application": "frontend",
              "CostCenter": "Engineering",
              "Environment": "dev",
              "ManagedBy": "Terraform",
              "Name": "dagri-talk-dev-frontend-ecr",
              "Owner": "Development Team",
              "Type": "container-registry"
            },
            "timeouts": null
          },
          "sensitive_attributes": [],
          "identity_schema_version": 0,
          "private": "eyJlMmJmYjczMC1lY2FhLTExZTYtOGY4OC0zNDM2M2JjN2M0YzAiOnsiZGVsZXRlIjoxMjAwMDAwMDAwMDAwfX0="
        }
      ]
    },
    {
      "module": "module.container_registry",
      "mode": "managed",
      "type": "aws_ecr_repository_policy",
      "name": "backend",
      "provider": "provider[\"registry.terraform.io/hashicorp/aws\"]",
      "instances": [
        {
          "schema_version": 0,
          "attributes": {
            "id": "dagri-talk-dev-backend",
            "policy": "{\"Statement\":[{\"Action\":[\"ecr:GetDownloadUrlForLayer\",\"ecr:BatchGetImage\",\"ecr:BatchCheckLayerAvailability\"],\"Effect\":\"Allow\",\"Principal\":{\"AWS\":\"arn:aws:iam::103670753244:root\"},\"Sid\":\"AllowPull\"}],\"Version\":\"2012-10-17\"}",
            "registry_id": "103670753244",
            "repository": "dagri-talk-dev-backend"
          },
          "sensitive_attributes": [],
          "identity_schema_version": 0,
          "private": "bnVsbA==",
          "dependencies": [
            "module.container_registry.aws_ecr_repository.backend",
            "module.container_registry.data.aws_caller_identity.current"
          ]
        }
      ]
    },
    {
      "module": "module.container_registry",
      "mode": "managed",
      "type": "aws_ecr_repository_policy",
      "name": "frontend",
      "provider": "provider[\"registry.terraform.io/hashicorp/aws\"]",
      "instances": [
        {
          "schema_version": 0,
          "attributes": {
            "id": "dagri-talk-dev-frontend",
            "policy": "{\"Statement\":[{\"Action\":[\"ecr:GetDownloadUrlForLayer\",\"ecr:BatchGetImage\",\"ecr:BatchCheckLayerAvailability\"],\"Effect\":\"Allow\",\"Principal\":{\"AWS\":\"arn:aws:iam::103670753244:root\"},\"Sid\":\"AllowPull\"}],\"Version\":\"2012-10-17\"}",
            "registry_id": "103670753244",
            "repository": "dagri-talk-dev-frontend"
          },
          "sensitive_attributes": [],
          "identity_schema_version": 0,
          "private": "bnVsbA==",
          "dependencies": [
            "module.container_registry.aws_ecr_repository.frontend",
            "module.container_registry.data.aws_caller_identity.current"
          ]
        }
      ]
    },
    {
      "module": "module.database",
      "mode": "managed",
      "type": "aws_db_instance",
      "name": "main",
      "provider": "provider[\"registry.terraform.io/hashicorp/aws\"]",
      "instances": [
        {
          "schema_version": 2,
          "attributes": {
            "address": "dagri-talk-dev-db.c6bgo44kyxi5.us-east-1.rds.amazonaws.com",
            "allocated_storage": 20,
            "allow_major_version_upgrade": null,
            "apply_immediately": false,
            "arn": "arn:aws:rds:us-east-1:103670753244:db:dagri-talk-dev-db",
            "auto_minor_version_upgrade": true,
            "availability_zone": "us-east-1b",
            "backup_retention_period": 1,
            "backup_target": "region",
            "backup_window": "03:00-04:00",
            "blue_green_update": [],
            "ca_cert_identifier": "rds-ca-rsa2048-g1",
            "character_set_name": "",
            "copy_tags_to_snapshot": false,
            "custom_iam_instance_profile": "",
            "customer_owned_ip_enabled": false,
            "database_insights_mode": "standard",
            "db_name": "dagri_talk_dev",
            "db_subnet_group_name": "dagri-talk-dev-db-subnet-group",
            "dedicated_log_volume": false,
            "delete_automated_backups": true,
            "deletion_protection": false,
            "domain": "",
            "domain_auth_secret_arn": "",
            "domain_dns_ips": null,
            "domain_fqdn": "",
            "domain_iam_role_name": "",
            "domain_ou": "",
            "enabled_cloudwatch_logs_exports": [
              "postgresql"
            ],
            "endpoint": "dagri-talk-dev-db.c6bgo44kyxi5.us-east-1.rds.amazonaws.com:5432",
            "engine": "postgres",
            "engine_lifecycle_support": "open-source-rds-extended-support",
            "engine_version": "15.8",
            "engine_version_actual": "15.8",
            "final_snapshot_identifier": null,
            "hosted_zone_id": "Z2R2ITUGPM61AM",
            "iam_database_authentication_enabled": false,
            "id": "db-X3UU5KLP6NWOL2YZFXELQTBBUY",
            "identifier": "dagri-talk-dev-db",
            "identifier_prefix": "",
            "instance_class": "db.t3.micro",
            "iops": 0,
            "kms_key_id": "arn:aws:kms:us-east-1:103670753244:key/2968336e-a9fe-4dac-854e-9a60ecc98296",
            "latest_restorable_time": "2025-07-18T12:25:19Z",
            "license_model": "postgresql-license",
            "listener_endpoint": [],
            "maintenance_window": "sun:04:00-sun:05:00",
            "manage_master_user_password": null,
            "master_user_secret": [],
            "master_user_secret_kms_key_id": null,
            "max_allocated_storage": 0,
            "monitoring_interval": 60,
            "monitoring_role_arn": "arn:aws:iam::103670753244:role/dagri-talk-dev-rds-monitoring-role",
            "multi_az": false,
            "nchar_character_set_name": "",
            "network_type": "IPV4",
            "option_group_name": "default:postgres-15",
            "parameter_group_name": "dagri-talk-dev-db-params",
            "password": "PRJE(a4M2yy$WU}v",
            "password_wo": null,
            "password_wo_version": null,
            "performance_insights_enabled": false,
            "performance_insights_kms_key_id": "",
            "performance_insights_retention_period": 0,
            "port": 5432,
            "publicly_accessible": false,
            "replica_mode": "",
            "replicas": [],
            "replicate_source_db": "",
            "resource_id": "db-X3UU5KLP6NWOL2YZFXELQTBBUY",
            "restore_to_point_in_time": [],
            "s3_import": [],
            "skip_final_snapshot": true,
            "snapshot_identifier": null,
            "status": "available",
            "storage_encrypted": true,
            "storage_throughput": 0,
            "storage_type": "gp2",
            "tags": {
              "CostCenter": "Engineering",
              "Environment": "dev",
              "ManagedBy": "Terraform",
              "Name": "dagri-talk-dev-database",
              "Owner": "Development Team",
              "Type": "database"
            },
            "tags_all": {
              "CostCenter": "Engineering",
              "Environment": "dev",
              "ManagedBy": "Terraform",
              "Name": "dagri-talk-dev-database",
              "Owner": "Development Team",
              "Type": "database"
            },
            "timeouts": null,
            "timezone": "",
            "upgrade_storage_config": null,
            "username": "dagri_admin",
            "vpc_security_group_ids": [
              "sg-0074ba622b59500cd"
            ]
          },
          "sensitive_attributes": [
            [
              {
                "type": "get_attr",
                "value": "password"
              }
            ],
            [
              {
                "type": "get_attr",
                "value": "password_wo"
              }
            ],
            [
              {
                "type": "get_attr",
                "value": "username"
              }
            ]
          ],
          "identity_schema_version": 0,
          "private": "eyJlMmJmYjczMC1lY2FhLTExZTYtOGY4OC0zNDM2M2JjN2M0YzAiOnsiY3JlYXRlIjozMDAwMDAwMDAwMDAwLCJkZWxldGUiOjM2MDAwMDAwMDAwMDAsInVwZGF0ZSI6NDgwMDAwMDAwMDAwMH0sInNjaGVtYV92ZXJzaW9uIjoiMiJ9",
          "dependencies": [
            "module.database.aws_db_parameter_group.main",
            "module.database.aws_db_subnet_group.main",
            "module.database.aws_iam_role.rds_monitoring",
            "module.database.random_password.db_password",
            "module.networking.aws_eip.nat",
            "module.networking.aws_internet_gateway.main",
            "module.networking.aws_nat_gateway.main",
            "module.networking.aws_route_table.private",
            "module.networking.aws_route_table.public",
            "module.networking.aws_route_table_association.private",
            "module.networking.aws_route_table_association.public",
            "module.networking.aws_security_group.alb",
            "module.networking.aws_security_group.database",
            "module.networking.aws_security_group.ecs_service",
            "module.networking.aws_subnet.private",
            "module.networking.aws_subnet.public",
            "module.networking.aws_vpc.main"
          ]
        }
      ]
    },
    {
      "module": "module.database",
      "mode": "managed",
      "type": "aws_db_parameter_group",
      "name": "main",
      "provider": "provider[\"registry.terraform.io/hashicorp/aws\"]",
      "instances": [
        {
          "schema_version": 0,
          "attributes": {
            "arn": "arn:aws:rds:us-east-1:103670753244:pg:dagri-talk-dev-db-params",
            "description": "Database parameter group for dagri-talk dev",
            "family": "postgres15",
            "id": "dagri-talk-dev-db-params",
            "name": "dagri-talk-dev-db-params",
            "name_prefix": "",
            "parameter": [
              {
                "apply_method": "immediate",
                "name": "log_min_duration_statement",
                "value": "1000"
              },
              {
                "apply_method": "immediate",
                "name": "log_statement",
                "value": "all"
              },
              {
                "apply_method": "immediate",
                "name": "shared_preload_libraries",
                "value": "pg_stat_statements"
              }
            ],
            "skip_destroy": false,
            "tags": {
              "CostCenter": "Engineering",
              "Environment": "dev",
              "ManagedBy": "Terraform",
              "Name": "dagri-talk-dev-db-params",
              "Owner": "Development Team",
              "Type": "database"
            },
            "tags_all": {
              "CostCenter": "Engineering",
              "Environment": "dev",
              "ManagedBy": "Terraform",
              "Name": "dagri-talk-dev-db-params",
              "Owner": "Development Team",
              "Type": "database"
            }
          },
          "sensitive_attributes": [],
          "identity_schema_version": 0,
          "private": "bnVsbA==",
          "dependencies": [
            "module.networking.aws_eip.nat",
            "module.networking.aws_internet_gateway.main",
            "module.networking.aws_nat_gateway.main",
            "module.networking.aws_route_table.private",
            "module.networking.aws_route_table.public",
            "module.networking.aws_route_table_association.private",
            "module.networking.aws_route_table_association.public",
            "module.networking.aws_security_group.alb",
            "module.networking.aws_security_group.database",
            "module.networking.aws_security_group.ecs_service",
            "module.networking.aws_subnet.private",
            "module.networking.aws_subnet.public",
            "module.networking.aws_vpc.main"
          ],
          "create_before_destroy": true
        }
      ]
    },
    {
      "module": "module.database",
      "mode": "managed",
      "type": "aws_db_subnet_group",
      "name": "main",
      "provider": "provider[\"registry.terraform.io/hashicorp/aws\"]",
      "instances": [
        {
          "schema_version": 0,
          "attributes": {
            "arn": "arn:aws:rds:us-east-1:103670753244:subgrp:dagri-talk-dev-db-subnet-group",
            "description": "Database subnet group for dagri-talk dev",
            "id": "dagri-talk-dev-db-subnet-group",
            "name": "dagri-talk-dev-db-subnet-group",
            "name_prefix": "",
            "subnet_ids": [
              "subnet-0a8192a723e8a60eb",
              "subnet-0e4e7b654bdd0f01d"
            ],
            "supported_network_types": [
              "IPV4"
            ],
            "tags": {
              "CostCenter": "Engineering",
              "Environment": "dev",
              "ManagedBy": "Terraform",
              "Name": "dagri-talk-dev-db-subnet-group",
              "Owner": "Development Team",
              "Type": "database"
            },
            "tags_all": {
              "CostCenter": "Engineering",
              "Environment": "dev",
              "ManagedBy": "Terraform",
              "Name": "dagri-talk-dev-db-subnet-group",
              "Owner": "Development Team",
              "Type": "database"
            },
            "vpc_id": "vpc-0da87d380b974aff0"
          },
          "sensitive_attributes": [],
          "identity_schema_version": 0,
          "private": "bnVsbA==",
          "dependencies": [
            "module.networking.aws_eip.nat",
            "module.networking.aws_internet_gateway.main",
            "module.networking.aws_nat_gateway.main",
            "module.networking.aws_route_table.private",
            "module.networking.aws_route_table.public",
            "module.networking.aws_route_table_association.private",
            "module.networking.aws_route_table_association.public",
            "module.networking.aws_security_group.alb",
            "module.networking.aws_security_group.database",
            "module.networking.aws_security_group.ecs_service",
            "module.networking.aws_subnet.private",
            "module.networking.aws_subnet.public",
            "module.networking.aws_vpc.main"
          ]
        }
      ]
    },
    {
      "module": "module.database",
      "mode": "managed",
      "type": "aws_iam_role",
      "name": "rds_monitoring",
      "provider": "provider[\"registry.terraform.io/hashicorp/aws\"]",
      "instances": [
        {
          "index_key": 0,
          "schema_version": 0,
          "attributes": {
            "arn": "arn:aws:iam::103670753244:role/dagri-talk-dev-rds-monitoring-role",
            "assume_role_policy": "{\"Statement\":[{\"Action\":\"sts:AssumeRole\",\"Effect\":\"Allow\",\"Principal\":{\"Service\":\"monitoring.rds.amazonaws.com\"}}],\"Version\":\"2012-10-17\"}",
            "create_date": "2025-07-18T11:41:42Z",
            "description": "IAM role for RDS Enhanced Monitoring",
            "force_detach_policies": false,
            "id": "dagri-talk-dev-rds-monitoring-role",
            "inline_policy": [],
            "managed_policy_arns": [
              "arn:aws:iam::aws:policy/service-role/AmazonRDSEnhancedMonitoringRole"
            ],
            "max_session_duration": 3600,
            "name": "dagri-talk-dev-rds-monitoring-role",
            "name_prefix": "",
            "path": "/",
            "permissions_boundary": "",
            "tags": {
              "CostCenter": "Engineering",
              "Environment": "dev",
              "ManagedBy": "Terraform",
              "Name": "dagri-talk-dev-rds-monitoring-role",
              "Owner": "Development Team",
              "Type": "iam"
            },
            "tags_all": {
              "CostCenter": "Engineering",
              "Environment": "dev",
              "ManagedBy": "Terraform",
              "Name": "dagri-talk-dev-rds-monitoring-role",
              "Owner": "Development Team",
              "Type": "iam"
            },
            "unique_id": "AROARQI2CE7OBJ77FXNF4"
          },
          "sensitive_attributes": [],
          "identity_schema_version": 0,
          "private": "bnVsbA==",
          "dependencies": [
            "module.networking.aws_eip.nat",
            "module.networking.aws_internet_gateway.main",
            "module.networking.aws_nat_gateway.main",
            "module.networking.aws_route_table.private",
            "module.networking.aws_route_table.public",
            "module.networking.aws_route_table_association.private",
            "module.networking.aws_route_table_association.public",
            "module.networking.aws_security_group.alb",
            "module.networking.aws_security_group.database",
            "module.networking.aws_security_group.ecs_service",
            "module.networking.aws_subnet.private",
            "module.networking.aws_subnet.public",
            "module.networking.aws_vpc.main"
          ]
        }
      ]
    },
    {
      "module": "module.database",
      "mode": "managed",
      "type": "aws_iam_role_policy_attachment",
      "name": "rds_monitoring",
      "provider": "provider[\"registry.terraform.io/hashicorp/aws\"]",
      "instances": [
        {
          "index_key": 0,
          "schema_version": 0,
          "attributes": {
            "id": "dagri-talk-dev-rds-monitoring-role-20250718114143889800000004",
            "policy_arn": "arn:aws:iam::aws:policy/service-role/AmazonRDSEnhancedMonitoringRole",
            "role": "dagri-talk-dev-rds-monitoring-role"
          },
          "sensitive_attributes": [],
          "identity_schema_version": 0,
          "private": "bnVsbA==",
          "dependencies": [
            "module.database.aws_iam_role.rds_monitoring",
            "module.networking.aws_eip.nat",
            "module.networking.aws_internet_gateway.main",
            "module.networking.aws_nat_gateway.main",
            "module.networking.aws_route_table.private",
            "module.networking.aws_route_table.public",
            "module.networking.aws_route_table_association.private",
            "module.networking.aws_route_table_association.public",
            "module.networking.aws_security_group.alb",
            "module.networking.aws_security_group.database",
            "module.networking.aws_security_group.ecs_service",
            "module.networking.aws_subnet.private",
            "module.networking.aws_subnet.public",
            "module.networking.aws_vpc.main"
          ]
        }
      ]
    },
    {
      "module": "module.database",
      "mode": "managed",
      "type": "aws_secretsmanager_secret",
      "name": "db_credentials",
      "provider": "provider[\"registry.terraform.io/hashicorp/aws\"]",
      "instances": [
        {
          "schema_version": 0,
          "attributes": {
            "arn": "arn:aws:secretsmanager:us-east-1:103670753244:secret:dagri-talk-dev-db-credentials-0sClVN",
            "description": "Database credentials for dagri-talk dev",
            "force_overwrite_replica_secret": false,
            "id": "arn:aws:secretsmanager:us-east-1:103670753244:secret:dagri-talk-dev-db-credentials-0sClVN",
            "kms_key_id": "",
            "name": "dagri-talk-dev-db-credentials",
            "name_prefix": "",
            "policy": "",
            "recovery_window_in_days": 30,
            "replica": [],
            "tags": {
              "CostCenter": "Engineering",
              "Environment": "dev",
              "ManagedBy": "Terraform",
              "Name": "dagri-talk-dev-db-credentials",
              "Owner": "Development Team",
              "Type": "secrets"
            },
            "tags_all": {
              "CostCenter": "Engineering",
              "Environment": "dev",
              "ManagedBy": "Terraform",
              "Name": "dagri-talk-dev-db-credentials",
              "Owner": "Development Team",
              "Type": "secrets"
            }
          },
          "sensitive_attributes": [],
          "identity_schema_version": 0,
          "private": "bnVsbA==",
          "dependencies": [
            "module.networking.aws_eip.nat",
            "module.networking.aws_internet_gateway.main",
            "module.networking.aws_nat_gateway.main",
            "module.networking.aws_route_table.private",
            "module.networking.aws_route_table.public",
            "module.networking.aws_route_table_association.private",
            "module.networking.aws_route_table_association.public",
            "module.networking.aws_security_group.alb",
            "module.networking.aws_security_group.database",
            "module.networking.aws_security_group.ecs_service",
            "module.networking.aws_subnet.private",
            "module.networking.aws_subnet.public",
            "module.networking.aws_vpc.main"
          ]
        }
      ]
    },
    {
      "module": "module.database",
      "mode": "managed",
      "type": "aws_secretsmanager_secret_version",
      "name": "db_credentials",
      "provider": "provider[\"registry.terraform.io/hashicorp/aws\"]",
      "instances": [
        {
          "schema_version": 0,
          "attributes": {
            "arn": "arn:aws:secretsmanager:us-east-1:103670753244:secret:dagri-talk-dev-db-credentials-0sClVN",
            "has_secret_string_wo": null,
            "id": "arn:aws:secretsmanager:us-east-1:103670753244:secret:dagri-talk-dev-db-credentials-0sClVN|terraform-20250718122704025800000001",
            "secret_binary": "",
            "secret_id": "arn:aws:secretsmanager:us-east-1:103670753244:secret:dagri-talk-dev-db-credentials-0sClVN",
            "secret_string": "{\"database_url\":\"postgresql://dagri_admin:PRJE(a4M2yy$WU}v@dagri-talk-dev-db.c6bgo44kyxi5.us-east-1.rds.amazonaws.com:5432:5432/dagri_talk_dev\",\"dbname\":\"dagri_talk_dev\",\"engine\":\"postgres\",\"host\":\"dagri-talk-dev-db.c6bgo44kyxi5.us-east-1.rds.amazonaws.com:5432\",\"password\":\"PRJE(a4M2yy$WU}v\",\"port\":5432,\"username\":\"dagri_admin\"}",
            "secret_string_wo": null,
            "secret_string_wo_version": null,
            "version_id": "terraform-20250718122704025800000001",
            "version_stages": [
              "AWSCURRENT"
            ]
          },
          "sensitive_attributes": [
            [
              {
                "type": "get_attr",
                "value": "secret_binary"
              }
            ],
            [
              {
                "type": "get_attr",
                "value": "secret_string"
              }
            ],
            [
              {
                "type": "get_attr",
                "value": "secret_string_wo"
              }
            ]
          ],
          "identity_schema_version": 0,
          "private": "bnVsbA==",
          "dependencies": [
            "module.database.aws_db_instance.main",
            "module.database.aws_db_parameter_group.main",
            "module.database.aws_db_subnet_group.main",
            "module.database.aws_iam_role.rds_monitoring",
            "module.database.aws_secretsmanager_secret.db_credentials",
            "module.database.random_password.db_password",
            "module.networking.aws_eip.nat",
            "module.networking.aws_internet_gateway.main",
            "module.networking.aws_nat_gateway.main",
            "module.networking.aws_route_table.private",
            "module.networking.aws_route_table.public",
            "module.networking.aws_route_table_association.private",
            "module.networking.aws_route_table_association.public",
            "module.networking.aws_security_group.alb",
            "module.networking.aws_security_group.database",
            "module.networking.aws_security_group.ecs_service",
            "module.networking.aws_subnet.private",
            "module.networking.aws_subnet.public",
            "module.networking.aws_vpc.main"
          ]
        }
      ]
    },
    {
      "module": "module.database",
      "mode": "managed",
      "type": "random_password",
      "name": "db_password",
      "provider": "provider[\"registry.terraform.io/hashicorp/random\"]",
      "instances": [
        {
          "schema_version": 3,
          "attributes": {
            "bcrypt_hash": "$2a$10$HE.Lt.Fbkrb0.g9lNkh/9ujHt.A5VuWRWld3OHCkcha53CAdo9lkO",
            "id": "none",
            "keepers": null,
            "length": 16,
            "lower": true,
            "min_lower": 1,
            "min_numeric": 1,
            "min_special": 1,
            "min_upper": 1,
            "number": true,
            "numeric": true,
            "override_special": null,
            "result": "PRJE(a4M2yy$WU}v",
            "special": true,
            "upper": true
          },
          "sensitive_attributes": [
            [
              {
                "type": "get_attr",
                "value": "bcrypt_hash"
              }
            ],
            [
              {
                "type": "get_attr",
                "value": "result"
              }
            ]
          ],
          "identity_schema_version": 0,
          "dependencies": [
            "module.networking.aws_eip.nat",
            "module.networking.aws_internet_gateway.main",
            "module.networking.aws_nat_gateway.main",
            "module.networking.aws_route_table.private",
            "module.networking.aws_route_table.public",
            "module.networking.aws_route_table_association.private",
            "module.networking.aws_route_table_association.public",
            "module.networking.aws_security_group.alb",
            "module.networking.aws_security_group.database",
            "module.networking.aws_security_group.ecs_service",
            "module.networking.aws_subnet.private",
            "module.networking.aws_subnet.public",
            "module.networking.aws_vpc.main"
          ]
        }
      ]
    },
    {
      "module": "module.networking",
      "mode": "managed",
      "type": "aws_internet_gateway",
      "name": "main",
      "provider": "provider[\"registry.terraform.io/hashicorp/aws\"]",
      "instances": [
        {
          "schema_version": 0,
          "attributes": {
            "arn": "arn:aws:ec2:us-east-1:103670753244:internet-gateway/igw-066ee048da5e0876f",
            "id": "igw-066ee048da5e0876f",
            "owner_id": "103670753244",
            "tags": {
              "CostCenter": "Engineering",
              "Environment": "dev",
              "ManagedBy": "Terraform",
              "Name": "dagri-talk-dev-igw",
              "Owner": "Development Team",
              "Type": "networking"
            },
            "tags_all": {
              "CostCenter": "Engineering",
              "Environment": "dev",
              "ManagedBy": "Terraform",
              "Name": "dagri-talk-dev-igw",
              "Owner": "Development Team",
              "Type": "networking"
            },
            "timeouts": null,
            "vpc_id": "vpc-0da87d380b974aff0"
          },
          "sensitive_attributes": [],
          "identity_schema_version": 0,
          "private": "eyJlMmJmYjczMC1lY2FhLTExZTYtOGY4OC0zNDM2M2JjN2M0YzAiOnsiY3JlYXRlIjoxMjAwMDAwMDAwMDAwLCJkZWxldGUiOjEyMDAwMDAwMDAwMDAsInVwZGF0ZSI6MTIwMDAwMDAwMDAwMH19",
          "dependencies": [
            "module.networking.aws_vpc.main"
          ],
          "create_before_destroy": true
        }
      ]
    },
    {
      "module": "module.networking",
      "mode": "managed",
      "type": "aws_route_table",
      "name": "private",
      "provider": "provider[\"registry.terraform.io/hashicorp/aws\"]",
      "instances": [
        {
          "index_key": 0,
          "schema_version": 0,
          "attributes": {
            "arn": "arn:aws:ec2:us-east-1:103670753244:route-table/rtb-046f26169cbc4ac5c",
            "id": "rtb-046f26169cbc4ac5c",
            "owner_id": "103670753244",
            "propagating_vgws": [],
            "route": [],
            "tags": {
              "AZ": "us-east-1a",
              "CostCenter": "Engineering",
              "Environment": "dev",
              "ManagedBy": "Terraform",
              "Name": "dagri-talk-dev-private-rt-1",
              "Owner": "Development Team",
              "Type": "route-table"
            },
            "tags_all": {
              "AZ": "us-east-1a",
              "CostCenter": "Engineering",
              "Environment": "dev",
              "ManagedBy": "Terraform",
              "Name": "dagri-talk-dev-private-rt-1",
              "Owner": "Development Team",
              "Type": "route-table"
            },
            "timeouts": null,
            "vpc_id": "vpc-0da87d380b974aff0"
          },
          "sensitive_attributes": [],
          "identity_schema_version": 0,
          "private": "eyJlMmJmYjczMC1lY2FhLTExZTYtOGY4OC0zNDM2M2JjN2M0YzAiOnsiY3JlYXRlIjozMDAwMDAwMDAwMDAsImRlbGV0ZSI6MzAwMDAwMDAwMDAwLCJ1cGRhdGUiOjEyMDAwMDAwMDAwMH19",
          "dependencies": [
            "module.networking.aws_eip.nat",
            "module.networking.aws_internet_gateway.main",
            "module.networking.aws_nat_gateway.main",
            "module.networking.aws_subnet.public",
            "module.networking.aws_vpc.main"
          ],
          "create_before_destroy": true
        },
        {
          "index_key": 1,
          "schema_version": 0,
          "attributes": {
            "arn": "arn:aws:ec2:us-east-1:103670753244:route-table/rtb-024770fafb3b68788",
            "id": "rtb-024770fafb3b68788",
            "owner_id": "103670753244",
            "propagating_vgws": [],
            "route": [],
            "tags": {
              "AZ": "us-east-1b",
              "CostCenter": "Engineering",
              "Environment": "dev",
              "ManagedBy": "Terraform",
              "Name": "dagri-talk-dev-private-rt-2",
              "Owner": "Development Team",
              "Type": "route-table"
            },
            "tags_all": {
              "AZ": "us-east-1b",
              "CostCenter": "Engineering",
              "Environment": "dev",
              "ManagedBy": "Terraform",
              "Name": "dagri-talk-dev-private-rt-2",
              "Owner": "Development Team",
              "Type": "route-table"
            },
            "timeouts": null,
            "vpc_id": "vpc-0da87d380b974aff0"
          },
          "sensitive_attributes": [],
          "identity_schema_version": 0,
          "private": "eyJlMmJmYjczMC1lY2FhLTExZTYtOGY4OC0zNDM2M2JjN2M0YzAiOnsiY3JlYXRlIjozMDAwMDAwMDAwMDAsImRlbGV0ZSI6MzAwMDAwMDAwMDAwLCJ1cGRhdGUiOjEyMDAwMDAwMDAwMH19",
          "dependencies": [
            "module.networking.aws_eip.nat",
            "module.networking.aws_internet_gateway.main",
            "module.networking.aws_nat_gateway.main",
            "module.networking.aws_subnet.public",
            "module.networking.aws_vpc.main"
          ],
          "create_before_destroy": true
        }
      ]
    },
    {
      "module": "module.networking",
      "mode": "managed",
      "type": "aws_route_table",
      "name": "public",
      "provider": "provider[\"registry.terraform.io/hashicorp/aws\"]",
      "instances": [
        {
          "schema_version": 0,
          "attributes": {
            "arn": "arn:aws:ec2:us-east-1:103670753244:route-table/rtb-0be64071885c7f2da",
            "id": "rtb-0be64071885c7f2da",
            "owner_id": "103670753244",
            "propagating_vgws": [],
            "route": [
              {
                "carrier_gateway_id": "",
                "cidr_block": "0.0.0.0/0",
                "core_network_arn": "",
                "destination_prefix_list_id": "",
                "egress_only_gateway_id": "",
                "gateway_id": "igw-066ee048da5e0876f",
                "ipv6_cidr_block": "",
                "local_gateway_id": "",
                "nat_gateway_id": "",
                "network_interface_id": "",
                "transit_gateway_id": "",
                "vpc_endpoint_id": "",
                "vpc_peering_connection_id": ""
              }
            ],
            "tags": {
              "CostCenter": "Engineering",
              "Environment": "dev",
              "ManagedBy": "Terraform",
              "Name": "dagri-talk-dev-public-rt",
              "Owner": "Development Team",
              "Type": "route-table"
            },
            "tags_all": {
              "CostCenter": "Engineering",
              "Environment": "dev",
              "ManagedBy": "Terraform",
              "Name": "dagri-talk-dev-public-rt",
              "Owner": "Development Team",
              "Type": "route-table"
            },
            "timeouts": null,
            "vpc_id": "vpc-0da87d380b974aff0"
          },
          "sensitive_attributes": [],
          "identity_schema_version": 0,
          "private": "eyJlMmJmYjczMC1lY2FhLTExZTYtOGY4OC0zNDM2M2JjN2M0YzAiOnsiY3JlYXRlIjozMDAwMDAwMDAwMDAsImRlbGV0ZSI6MzAwMDAwMDAwMDAwLCJ1cGRhdGUiOjEyMDAwMDAwMDAwMH19",
          "dependencies": [
            "module.networking.aws_internet_gateway.main",
            "module.networking.aws_vpc.main"
          ],
          "create_before_destroy": true
        }
      ]
    },
    {
      "module": "module.networking",
      "mode": "managed",
      "type": "aws_route_table_association",
      "name": "private",
      "provider": "provider[\"registry.terraform.io/hashicorp/aws\"]",
      "instances": [
        {
          "index_key": 0,
          "schema_version": 0,
          "attributes": {
            "gateway_id": "",
            "id": "rtbassoc-053d3a6e7a76813ea",
            "route_table_id": "rtb-046f26169cbc4ac5c",
            "subnet_id": "subnet-0a8192a723e8a60eb",
            "timeouts": null
          },
          "sensitive_attributes": [],
          "identity_schema_version": 0,
          "private": "eyJlMmJmYjczMC1lY2FhLTExZTYtOGY4OC0zNDM2M2JjN2M0YzAiOnsiY3JlYXRlIjozMDAwMDAwMDAwMDAsImRlbGV0ZSI6MzAwMDAwMDAwMDAwLCJ1cGRhdGUiOjEyMDAwMDAwMDAwMH19",
          "dependencies": [
            "module.networking.aws_eip.nat",
            "module.networking.aws_internet_gateway.main",
            "module.networking.aws_nat_gateway.main",
            "module.networking.aws_route_table.private",
            "module.networking.aws_subnet.private",
            "module.networking.aws_subnet.public",
            "module.networking.aws_vpc.main"
          ],
          "create_before_destroy": true
        },
        {
          "index_key": 1,
          "schema_version": 0,
          "attributes": {
            "gateway_id": "",
            "id": "rtbassoc-0437d18081732727a",
            "route_table_id": "rtb-024770fafb3b68788",
            "subnet_id": "subnet-0e4e7b654bdd0f01d",
            "timeouts": null
          },
          "sensitive_attributes": [],
          "identity_schema_version": 0,
          "private": "eyJlMmJmYjczMC1lY2FhLTExZTYtOGY4OC0zNDM2M2JjN2M0YzAiOnsiY3JlYXRlIjozMDAwMDAwMDAwMDAsImRlbGV0ZSI6MzAwMDAwMDAwMDAwLCJ1cGRhdGUiOjEyMDAwMDAwMDAwMH19",
          "dependencies": [
            "module.networking.aws_eip.nat",
            "module.networking.aws_internet_gateway.main",
            "module.networking.aws_nat_gateway.main",
            "module.networking.aws_route_table.private",
            "module.networking.aws_subnet.private",
            "module.networking.aws_subnet.public",
            "module.networking.aws_vpc.main"
          ],
          "create_before_destroy": true
        }
      ]
    },
    {
      "module": "module.networking",
      "mode": "managed",
      "type": "aws_route_table_association",
      "name": "public",
      "provider": "provider[\"registry.terraform.io/hashicorp/aws\"]",
      "instances": [
        {
          "index_key": "us-east-1a",
          "schema_version": 0,
          "attributes": {
            "gateway_id": "",
            "id": "rtbassoc-08e87e77370131c88",
            "route_table_id": "rtb-0be64071885c7f2da",
            "subnet_id": "subnet-0fa23d712262da614",
            "timeouts": null
          },
          "sensitive_attributes": [],
          "identity_schema_version": 0,
          "private": "eyJlMmJmYjczMC1lY2FhLTExZTYtOGY4OC0zNDM2M2JjN2M0YzAiOnsiY3JlYXRlIjozMDAwMDAwMDAwMDAsImRlbGV0ZSI6MzAwMDAwMDAwMDAwLCJ1cGRhdGUiOjEyMDAwMDAwMDAwMH19",
          "dependencies": [
            "module.networking.aws_internet_gateway.main",
            "module.networking.aws_route_table.public",
            "module.networking.aws_subnet.public",
            "module.networking.aws_vpc.main"
          ],
          "create_before_destroy": true
        },
        {
          "index_key": "us-east-1b",
          "schema_version": 0,
          "attributes": {
            "gateway_id": "",
            "id": "rtbassoc-03d4fbf0aa299a280",
            "route_table_id": "rtb-0be64071885c7f2da",
            "subnet_id": "subnet-0a82ad46c64d7ea64",
            "timeouts": null
          },
          "sensitive_attributes": [],
          "identity_schema_version": 0,
          "private": "eyJlMmJmYjczMC1lY2FhLTExZTYtOGY4OC0zNDM2M2JjN2M0YzAiOnsiY3JlYXRlIjozMDAwMDAwMDAwMDAsImRlbGV0ZSI6MzAwMDAwMDAwMDAwLCJ1cGRhdGUiOjEyMDAwMDAwMDAwMH19",
          "dependencies": [
            "module.networking.aws_internet_gateway.main",
            "module.networking.aws_route_table.public",
            "module.networking.aws_subnet.public",
            "module.networking.aws_vpc.main"
          ],
          "create_before_destroy": true
        }
      ]
    },
    {
      "module": "module.networking",
      "mode": "managed",
      "type": "aws_security_group",
      "name": "alb",
      "provider": "provider[\"registry.terraform.io/hashicorp/aws\"]",
      "instances": [
        {
          "schema_version": 1,
          "attributes": {
            "arn": "arn:aws:ec2:us-east-1:103670753244:security-group/sg-0497609a0f427f6dc",
            "description": "Security group for Application Load Balancer",
            "egress": [
              {
                "cidr_blocks": [
                  "0.0.0.0/0"
                ],
                "description": "All outbound traffic",
                "from_port": 0,
                "ipv6_cidr_blocks": [],
                "prefix_list_ids": [],
                "protocol": "-1",
                "security_groups": [],
                "self": false,
                "to_port": 0
              }
            ],
            "id": "sg-0497609a0f427f6dc",
            "ingress": [
              {
                "cidr_blocks": [
                  "0.0.0.0/0"
                ],
                "description": "HTTP",
                "from_port": 80,
                "ipv6_cidr_blocks": [],
                "prefix_list_ids": [],
                "protocol": "tcp",
                "security_groups": [],
                "self": false,
                "to_port": 80
              },
              {
                "cidr_blocks": [
                  "0.0.0.0/0"
                ],
                "description": "HTTPS",
                "from_port": 443,
                "ipv6_cidr_blocks": [],
                "prefix_list_ids": [],
                "protocol": "tcp",
                "security_groups": [],
                "self": false,
                "to_port": 443
              }
            ],
            "name": "dagri-talk-dev-alb-20250718113238281500000001",
            "name_prefix": "dagri-talk-dev-alb-",
            "owner_id": "103670753244",
            "revoke_rules_on_delete": false,
            "tags": {
              "CostCenter": "Engineering",
              "Environment": "dev",
              "ManagedBy": "Terraform",
              "Name": "dagri-talk-dev-alb-sg",
              "Owner": "Development Team",
              "Type": "security-group"
            },
            "tags_all": {
              "CostCenter": "Engineering",
              "Environment": "dev",
              "ManagedBy": "Terraform",
              "Name": "dagri-talk-dev-alb-sg",
              "Owner": "Development Team",
              "Type": "security-group"
            },
            "timeouts": null,
            "vpc_id": "vpc-0da87d380b974aff0"
          },
          "sensitive_attributes": [],
          "identity_schema_version": 0,
          "private": "eyJlMmJmYjczMC1lY2FhLTExZTYtOGY4OC0zNDM2M2JjN2M0YzAiOnsiY3JlYXRlIjo2MDAwMDAwMDAwMDAsImRlbGV0ZSI6OTAwMDAwMDAwMDAwfSwic2NoZW1hX3ZlcnNpb24iOiIxIn0=",
          "dependencies": [
            "module.networking.aws_vpc.main"
          ],
          "create_before_destroy": true
        }
      ]
    },
    {
      "module": "module.networking",
      "mode": "managed",
      "type": "aws_security_group",
      "name": "database",
      "provider": "provider[\"registry.terraform.io/hashicorp/aws\"]",
      "instances": [
        {
          "schema_version": 1,
          "attributes": {
            "arn": "arn:aws:ec2:us-east-1:103670753244:security-group/sg-0074ba622b59500cd",
            "description": "Security group for RDS database",
            "egress": [],
            "id": "sg-0074ba622b59500cd",
            "ingress": [
              {
                "cidr_blocks": [],
                "description": "PostgreSQL from ECS",
                "from_port": 5432,
                "ipv6_cidr_blocks": [],
                "prefix_list_ids": [],
                "protocol": "tcp",
                "security_groups": [
                  "sg-070a1e51840d3db49"
                ],
                "self": false,
                "to_port": 5432
              }
            ],
            "name": "dagri-talk-dev-db-20250718113248953100000004",
            "name_prefix": "dagri-talk-dev-db-",
            "owner_id": "103670753244",
            "revoke_rules_on_delete": false,
            "tags": {
              "CostCenter": "Engineering",
              "Environment": "dev",
              "ManagedBy": "Terraform",
              "Name": "dagri-talk-dev-db-sg",
              "Owner": "Development Team",
              "Type": "security-group"
            },
            "tags_all": {
              "CostCenter": "Engineering",
              "Environment": "dev",
              "ManagedBy": "Terraform",
              "Name": "dagri-talk-dev-db-sg",
              "Owner": "Development Team",
              "Type": "security-group"
            },
            "timeouts": null,
            "vpc_id": "vpc-0da87d380b974aff0"
          },
          "sensitive_attributes": [],
          "identity_schema_version": 0,
          "private": "eyJlMmJmYjczMC1lY2FhLTExZTYtOGY4OC0zNDM2M2JjN2M0YzAiOnsiY3JlYXRlIjo2MDAwMDAwMDAwMDAsImRlbGV0ZSI6OTAwMDAwMDAwMDAwfSwic2NoZW1hX3ZlcnNpb24iOiIxIn0=",
          "dependencies": [
            "module.networking.aws_security_group.alb",
            "module.networking.aws_security_group.ecs_service",
            "module.networking.aws_vpc.main"
          ],
          "create_before_destroy": true
        }
      ]
    },
    {
      "module": "module.networking",
      "mode": "managed",
      "type": "aws_security_group",
      "name": "ecs_service",
      "provider": "provider[\"registry.terraform.io/hashicorp/aws\"]",
      "instances": [
        {
          "schema_version": 1,
          "attributes": {
            "arn": "arn:aws:ec2:us-east-1:103670753244:security-group/sg-070a1e51840d3db49",
            "description": "Security group for ECS service",
            "egress": [
              {
                "cidr_blocks": [
                  "0.0.0.0/0"
                ],
                "description": "All outbound traffic",
                "from_port": 0,
                "ipv6_cidr_blocks": [],
                "prefix_list_ids": [],
                "protocol": "-1",
                "security_groups": [],
                "self": false,
                "to_port": 0
              }
            ],
            "id": "sg-070a1e51840d3db49",
            "ingress": [
              {
                "cidr_blocks": [],
                "description": "Traffic from ALB",
                "from_port": 5000,
                "ipv6_cidr_blocks": [],
                "prefix_list_ids": [],
                "protocol": "tcp",
                "security_groups": [
                  "sg-0497609a0f427f6dc"
                ],
                "self": false,
                "to_port": 5000
              }
            ],
            "name": "dagri-talk-dev-ecs-20250718113244063900000003",
            "name_prefix": "dagri-talk-dev-ecs-",
            "owner_id": "103670753244",
            "revoke_rules_on_delete": false,
            "tags": {
              "CostCenter": "Engineering",
              "Environment": "dev",
              "ManagedBy": "Terraform",
              "Name": "dagri-talk-dev-ecs-sg",
              "Owner": "Development Team",
              "Type": "security-group"
            },
            "tags_all": {
              "CostCenter": "Engineering",
              "Environment": "dev",
              "ManagedBy": "Terraform",
              "Name": "dagri-talk-dev-ecs-sg",
              "Owner": "Development Team",
              "Type": "security-group"
            },
            "timeouts": null,
            "vpc_id": "vpc-0da87d380b974aff0"
          },
          "sensitive_attributes": [],
          "identity_schema_version": 0,
          "private": "eyJlMmJmYjczMC1lY2FhLTExZTYtOGY4OC0zNDM2M2JjN2M0YzAiOnsiY3JlYXRlIjo2MDAwMDAwMDAwMDAsImRlbGV0ZSI6OTAwMDAwMDAwMDAwfSwic2NoZW1hX3ZlcnNpb24iOiIxIn0=",
          "dependencies": [
            "module.networking.aws_security_group.alb",
            "module.networking.aws_vpc.main"
          ],
          "create_before_destroy": true
        }
      ]
    },
    {
      "module": "module.networking",
      "mode": "managed",
      "type": "aws_subnet",
      "name": "private",
      "provider": "provider[\"registry.terraform.io/hashicorp/aws\"]",
      "instances": [
        {
          "index_key": 0,
          "schema_version": 1,
          "attributes": {
            "arn": "arn:aws:ec2:us-east-1:103670753244:subnet/subnet-0a8192a723e8a60eb",
            "assign_ipv6_address_on_creation": false,
            "availability_zone": "us-east-1a",
            "availability_zone_id": "use1-az6",
            "cidr_block": "10.0.10.0/24",
            "customer_owned_ipv4_pool": "",
            "enable_dns64": false,
            "enable_lni_at_device_index": 0,
            "enable_resource_name_dns_a_record_on_launch": false,
            "enable_resource_name_dns_aaaa_record_on_launch": false,
            "id": "subnet-0a8192a723e8a60eb",
            "ipv6_cidr_block": "",
            "ipv6_cidr_block_association_id": "",
            "ipv6_native": false,
            "map_customer_owned_ip_on_launch": false,
            "map_public_ip_on_launch": false,
            "outpost_arn": "",
            "owner_id": "103670753244",
            "private_dns_hostname_type_on_launch": "ip-name",
            "tags": {
              "AZ": "us-east-1a",
              "CostCenter": "Engineering",
              "Environment": "dev",
              "ManagedBy": "Terraform",
              "Name": "dagri-talk-dev-private-subnet-1",
              "Owner": "Development Team",
              "Type": "private-subnet"
            },
            "tags_all": {
              "AZ": "us-east-1a",
              "CostCenter": "Engineering",
              "Environment": "dev",
              "ManagedBy": "Terraform",
              "Name": "dagri-talk-dev-private-subnet-1",
              "Owner": "Development Team",
              "Type": "private-subnet"
            },
            "timeouts": null,
            "vpc_id": "vpc-0da87d380b974aff0"
          },
          "sensitive_attributes": [],
          "identity_schema_version": 0,
          "private": "eyJlMmJmYjczMC1lY2FhLTExZTYtOGY4OC0zNDM2M2JjN2M0YzAiOnsiY3JlYXRlIjo2MDAwMDAwMDAwMDAsImRlbGV0ZSI6MTIwMDAwMDAwMDAwMH0sInNjaGVtYV92ZXJzaW9uIjoiMSJ9",
          "dependencies": [
            "module.networking.aws_vpc.main"
          ],
          "create_before_destroy": true
        },
        {
          "index_key": 1,
          "schema_version": 1,
          "attributes": {
            "arn": "arn:aws:ec2:us-east-1:103670753244:subnet/subnet-0e4e7b654bdd0f01d",
            "assign_ipv6_address_on_creation": false,
            "availability_zone": "us-east-1b",
            "availability_zone_id": "use1-az1",
            "cidr_block": "10.0.20.0/24",
            "customer_owned_ipv4_pool": "",
            "enable_dns64": false,
            "enable_lni_at_device_index": 0,
            "enable_resource_name_dns_a_record_on_launch": false,
            "enable_resource_name_dns_aaaa_record_on_launch": false,
            "id": "subnet-0e4e7b654bdd0f01d",
            "ipv6_cidr_block": "",
            "ipv6_cidr_block_association_id": "",
            "ipv6_native": false,
            "map_customer_owned_ip_on_launch": false,
            "map_public_ip_on_launch": false,
            "outpost_arn": "",
            "owner_id": "103670753244",
            "private_dns_hostname_type_on_launch": "ip-name",
            "tags": {
              "AZ": "us-east-1b",
              "CostCenter": "Engineering",
              "Environment": "dev",
              "ManagedBy": "Terraform",
              "Name": "dagri-talk-dev-private-subnet-2",
              "Owner": "Development Team",
              "Type": "private-subnet"
            },
            "tags_all": {
              "AZ": "us-east-1b",
              "CostCenter": "Engineering",
              "Environment": "dev",
              "ManagedBy": "Terraform",
              "Name": "dagri-talk-dev-private-subnet-2",
              "Owner": "Development Team",
              "Type": "private-subnet"
            },
            "timeouts": null,
            "vpc_id": "vpc-0da87d380b974aff0"
          },
          "sensitive_attributes": [],
          "identity_schema_version": 0,
          "private": "eyJlMmJmYjczMC1lY2FhLTExZTYtOGY4OC0zNDM2M2JjN2M0YzAiOnsiY3JlYXRlIjo2MDAwMDAwMDAwMDAsImRlbGV0ZSI6MTIwMDAwMDAwMDAwMH0sInNjaGVtYV92ZXJzaW9uIjoiMSJ9",
          "dependencies": [
            "module.networking.aws_vpc.main"
          ],
          "create_before_destroy": true
        }
      ]
    },
    {
      "module": "module.networking",
      "mode": "managed",
      "type": "aws_subnet",
      "name": "public",
      "provider": "provider[\"registry.terraform.io/hashicorp/aws\"]",
      "instances": [
        {
          "index_key": "us-east-1a",
          "schema_version": 1,
          "attributes": {
            "arn": "arn:aws:ec2:us-east-1:103670753244:subnet/subnet-0fa23d712262da614",
            "assign_ipv6_address_on_creation": false,
            "availability_zone": "us-east-1a",
            "availability_zone_id": "use1-az6",
            "cidr_block": "10.0.1.0/24",
            "customer_owned_ipv4_pool": "",
            "enable_dns64": false,
            "enable_lni_at_device_index": 0,
            "enable_resource_name_dns_a_record_on_launch": false,
            "enable_resource_name_dns_aaaa_record_on_launch": false,
            "id": "subnet-0fa23d712262da614",
            "ipv6_cidr_block": "",
            "ipv6_cidr_block_association_id": "",
            "ipv6_native": false,
            "map_customer_owned_ip_on_launch": false,
            "map_public_ip_on_launch": true,
            "outpost_arn": "",
            "owner_id": "103670753244",
            "private_dns_hostname_type_on_launch": "ip-name",
            "tags": {
              "AZ": "us-east-1a",
              "CostCenter": "Engineering",
              "Environment": "dev",
              "ManagedBy": "Terraform",
              "Name": "dagri-talk-dev-public-subnet-us-east-1a",
              "Owner": "Development Team",
              "Type": "public-subnet"
            },
            "tags_all": {
              "AZ": "us-east-1a",
              "CostCenter": "Engineering",
              "Environment": "dev",
              "ManagedBy": "Terraform",
              "Name": "dagri-talk-dev-public-subnet-us-east-1a",
              "Owner": "Development Team",
              "Type": "public-subnet"
            },
            "timeouts": null,
            "vpc_id": "vpc-0da87d380b974aff0"
          },
          "sensitive_attributes": [],
          "identity_schema_version": 0,
          "private": "eyJlMmJmYjczMC1lY2FhLTExZTYtOGY4OC0zNDM2M2JjN2M0YzAiOnsiY3JlYXRlIjo2MDAwMDAwMDAwMDAsImRlbGV0ZSI6MTIwMDAwMDAwMDAwMH0sInNjaGVtYV92ZXJzaW9uIjoiMSJ9",
          "dependencies": [
            "module.networking.aws_vpc.main"
          ],
          "create_before_destroy": true
        },
        {
          "index_key": "us-east-1b",
          "schema_version": 1,
          "attributes": {
            "arn": "arn:aws:ec2:us-east-1:103670753244:subnet/subnet-0a82ad46c64d7ea64",
            "assign_ipv6_address_on_creation": false,
            "availability_zone": "us-east-1b",
            "availability_zone_id": "use1-az1",
            "cidr_block": "10.0.2.0/24",
            "customer_owned_ipv4_pool": "",
            "enable_dns64": false,
            "enable_lni_at_device_index": 0,
            "enable_resource_name_dns_a_record_on_launch": false,
            "enable_resource_name_dns_aaaa_record_on_launch": false,
            "id": "subnet-0a82ad46c64d7ea64",
            "ipv6_cidr_block": "",
            "ipv6_cidr_block_association_id": "",
            "ipv6_native": false,
            "map_customer_owned_ip_on_launch": false,
            "map_public_ip_on_launch": true,
            "outpost_arn": "",
            "owner_id": "103670753244",
            "private_dns_hostname_type_on_launch": "ip-name",
            "tags": {
              "AZ": "us-east-1b",
              "CostCenter": "Engineering",
              "Environment": "dev",
              "ManagedBy": "Terraform",
              "Name": "dagri-talk-dev-public-subnet-us-east-1b",
              "Owner": "Development Team",
              "Type": "public-subnet"
            },
            "tags_all": {
              "AZ": "us-east-1b",
              "CostCenter": "Engineering",
              "Environment": "dev",
              "ManagedBy": "Terraform",
              "Name": "dagri-talk-dev-public-subnet-us-east-1b",
              "Owner": "Development Team",
              "Type": "public-subnet"
            },
            "timeouts": null,
            "vpc_id": "vpc-0da87d380b974aff0"
          },
          "sensitive_attributes": [],
          "identity_schema_version": 0,
          "private": "eyJlMmJmYjczMC1lY2FhLTExZTYtOGY4OC0zNDM2M2JjN2M0YzAiOnsiY3JlYXRlIjo2MDAwMDAwMDAwMDAsImRlbGV0ZSI6MTIwMDAwMDAwMDAwMH0sInNjaGVtYV92ZXJzaW9uIjoiMSJ9",
          "dependencies": [
            "module.networking.aws_vpc.main"
          ],
          "create_before_destroy": true
        }
      ]
    },
    {
      "module": "module.networking",
      "mode": "managed",
      "type": "aws_vpc",
      "name": "main",
      "provider": "provider[\"registry.terraform.io/hashicorp/aws\"]",
      "instances": [
        {
          "schema_version": 1,
          "attributes": {
            "arn": "arn:aws:ec2:us-east-1:103670753244:vpc/vpc-0da87d380b974aff0",
            "assign_generated_ipv6_cidr_block": false,
            "cidr_block": "10.0.0.0/16",
            "default_network_acl_id": "acl-09fea94dc3f19a08d",
            "default_route_table_id": "rtb-06bae426b4ba50296",
            "default_security_group_id": "sg-0844d61700abb8fbe",
            "dhcp_options_id": "dopt-0d460cf6ac0013561",
            "enable_dns_hostnames": true,
            "enable_dns_support": true,
            "enable_network_address_usage_metrics": false,
            "id": "vpc-0da87d380b974aff0",
            "instance_tenancy": "default",
            "ipv4_ipam_pool_id": null,
            "ipv4_netmask_length": null,
            "ipv6_association_id": "",
            "ipv6_cidr_block": "",
            "ipv6_cidr_block_network_border_group": "",
            "ipv6_ipam_pool_id": "",
            "ipv6_netmask_length": 0,
            "main_route_table_id": "rtb-06bae426b4ba50296",
            "owner_id": "103670753244",
            "tags": {
              "CostCenter": "Engineering",
              "Environment": "dev",
              "ManagedBy": "Terraform",
              "Name": "dagri-talk-dev-vpc",
              "Owner": "Development Team",
              "Type": "networking"
            },
            "tags_all": {
              "CostCenter": "Engineering",
              "Environment": "dev",
              "ManagedBy": "Terraform",
              "Name": "dagri-talk-dev-vpc",
              "Owner": "Development Team",
              "Type": "networking"
            }
          },
          "sensitive_attributes": [],
          "identity_schema_version": 0,
          "private": "eyJzY2hlbWFfdmVyc2lvbiI6IjEifQ==",
          "create_before_destroy": true
        }
      ]
    }
  ],
  "check_results": null
}
